// !$*UTF8*$!
{
	archiveVersion = 1;
	classes = {
	};
	objectVersion = 56;
	objects = {

/* Begin PBXBuildFile section */
		79012DBC2A89660800F0DEEA /* Mail.swift in Sources */ = {isa = PBXBuildFile; fileRef = 79012DBB2A89660800F0DEEA /* Mail.swift */; };
		79018DAF2B70393F0065980E /* bus_stops.json in Resources */ = {isa = PBXBuildFile; fileRef = 79018DAE2B70393F0065980E /* bus_stops.json */; };
		790D58D22B6F2DF500743CCE /* BusTripView.swift in Sources */ = {isa = PBXBuildFile; fileRef = 790D58D12B6F2DF500743CCE /* BusTripView.swift */; };
		791754BA29D88185007B8F6A /* StationTimeRow.swift in Sources */ = {isa = PBXBuildFile; fileRef = 791754B929D88185007B8F6A /* StationTimeRow.swift */; };
		791754BC29D89738007B8F6A /* TimeModel.swift in Sources */ = {isa = PBXBuildFile; fileRef = 791754BB29D89738007B8F6A /* TimeModel.swift */; };
		791F5B852A3F5C1000ACCC8D /* SubwayMapView.swift in Sources */ = {isa = PBXBuildFile; fileRef = 791F5B842A3F5C1000ACCC8D /* SubwayMapView.swift */; };
		791F5B882A3F5C3300ACCC8D /* ScrollableImage in Frameworks */ = {isa = PBXBuildFile; productRef = 791F5B872A3F5C3300ACCC8D /* ScrollableImage */; };
		79228CE72A33ED6700526CE5 /* TrainDot.swift in Sources */ = {isa = PBXBuildFile; fileRef = 79228CE62A33ED6700526CE5 /* TrainDot.swift */; };
		7937251C2B59889100527518 /* sortedBusStop.swift in Sources */ = {isa = PBXBuildFile; fileRef = 7937251B2B59889100527518 /* sortedBusStop.swift */; };
		7937251E2B59915B00527518 /* sortedBusStop_times.swift in Sources */ = {isa = PBXBuildFile; fileRef = 7937251D2B59915B00527518 /* sortedBusStop_times.swift */; };
		793C23A52A7F60B700396636 /* MapViewNew.swift in Sources */ = {isa = PBXBuildFile; fileRef = 793C23A42A7F60B700396636 /* MapViewNew.swift */; };
		793C23A82A7F713B00396636 /* Map in Frameworks */ = {isa = PBXBuildFile; productRef = 793C23A72A7F713B00396636 /* Map */; };
		793EACC629944973002D7332 /* Service_BandageApp.swift in Sources */ = {isa = PBXBuildFile; fileRef = 793EACC529944973002D7332 /* Service_BandageApp.swift */; };
		793EACCA29944973002D7332 /* Assets.xcassets in Resources */ = {isa = PBXBuildFile; fileRef = 793EACC929944973002D7332 /* Assets.xcassets */; };
		793EACCE29944973002D7332 /* Preview Assets.xcassets in Resources */ = {isa = PBXBuildFile; fileRef = 793EACCD29944973002D7332 /* Preview Assets.xcassets */; };
		794D71AC29DF3A11002A7C28 /* Widgets.intentdefinition in Sources */ = {isa = PBXBuildFile; fileRef = 794D71A729DF3A10002A7C28 /* Widgets.intentdefinition */; };
		795419A529BED7BB003FF58F /* Preferences.swift in Sources */ = {isa = PBXBuildFile; fileRef = 795419A429BED7BB003FF58F /* Preferences.swift */; };
		795419A729BED7CF003FF58F /* StationView.swift in Sources */ = {isa = PBXBuildFile; fileRef = 795419A629BED7CF003FF58F /* StationView.swift */; };
		795419AB29BED7E8003FF58F /* MapView.swift in Sources */ = {isa = PBXBuildFile; fileRef = 795419AA29BED7E8003FF58F /* MapView.swift */; };
		795419B429BED842003FF58F /* StationBox.swift in Sources */ = {isa = PBXBuildFile; fileRef = 795419B329BED842003FF58F /* StationBox.swift */; };
		79670B3A2A23F94A00AEA0FF /* 608.json in Resources */ = {isa = PBXBuildFile; fileRef = 79670B392A23F94A00AEA0FF /* 608.json */; };
		79711F2229C9055E002EBA6F /* Home.swift in Sources */ = {isa = PBXBuildFile; fileRef = 79711F2129C9055E002EBA6F /* Home.swift */; };
		7973944C29D766F700D0DDDD /* ButtonStyles.swift in Sources */ = {isa = PBXBuildFile; fileRef = 7973944B29D766F700D0DDDD /* ButtonStyles.swift */; };
		7975C45D29DB3ACE00A4AA1E /* FavoritesModel.xcdatamodeld in Sources */ = {isa = PBXBuildFile; fileRef = 7975C45B29DB3ACE00A4AA1E /* FavoritesModel.xcdatamodeld */; };
		7975C45F29DB3B3100A4AA1E /* CoreDataManager.swift in Sources */ = {isa = PBXBuildFile; fileRef = 7975C45E29DB3B3100A4AA1E /* CoreDataManager.swift */; };
		7975C46129DC758C00A4AA1E /* Location.swift in Sources */ = {isa = PBXBuildFile; fileRef = 7975C46029DC758C00A4AA1E /* Location.swift */; };
		7975C48229DDA93200A4AA1E /* WidgetTester.swift in Sources */ = {isa = PBXBuildFile; fileRef = 7975C48129DDA93200A4AA1E /* WidgetTester.swift */; };
		798DA8692A8932290000CF86 /* SplashScreen.swift in Sources */ = {isa = PBXBuildFile; fileRef = 798DA8682A8932290000CF86 /* SplashScreen.swift */; };
		79996BD52A20D2A6000E338A /* TripView.swift in Sources */ = {isa = PBXBuildFile; fileRef = 79996BD42A20D2A6000E338A /* TripView.swift */; };
		79996BD92A20EF43000E338A /* TripStationDataModel.swift in Sources */ = {isa = PBXBuildFile; fileRef = 79996BD82A20EF43000E338A /* TripStationDataModel.swift */; };
		79996BDB2A21142F000E338A /* TripStationView.swift in Sources */ = {isa = PBXBuildFile; fileRef = 79996BDA2A21142F000E338A /* TripStationView.swift */; };
		799E76072B884927005DE96C /* SVGView in Frameworks */ = {isa = PBXBuildFile; productRef = 799E76062B884927005DE96C /* SVGView */; };
		799F72742B6F5BAD00F59883 /* BusTrip_Stop.swift in Sources */ = {isa = PBXBuildFile; fileRef = 799F72732B6F5BAD00F59883 /* BusTrip_Stop.swift */; };
		799F72762B6F5D6900F59883 /* defaultBusTrip.json in Resources */ = {isa = PBXBuildFile; fileRef = 799F72752B6F5D6900F59883 /* defaultBusTrip.json */; };
		799F72782B6F65A200F59883 /* BusDot.swift in Sources */ = {isa = PBXBuildFile; fileRef = 799F72772B6F65A200F59883 /* BusDot.swift */; };
		79A2D7FA2A9BCC2200DAFFE1 /* WhatsNew.swift in Sources */ = {isa = PBXBuildFile; fileRef = 79A2D7F92A9BCC2200DAFFE1 /* WhatsNew.swift */; };
		79A2D7FF2A9BDBE000DAFFE1 /* Update.swift in Sources */ = {isa = PBXBuildFile; fileRef = 79A2D7FE2A9BDBE000DAFFE1 /* Update.swift */; };
		79A4B8F42A7439950090720F /* apikey.swift in Sources */ = {isa = PBXBuildFile; fileRef = 79A4B8F32A7439940090720F /* apikey.swift */; };
		79A4B8F62A7447AD0090720F /* 601.json in Resources */ = {isa = PBXBuildFile; fileRef = 79A4B8F52A7447AD0090720F /* 601.json */; };
		79A4B8F82A7454390090720F /* exampleServiceDisruptions.json in Resources */ = {isa = PBXBuildFile; fileRef = 79A4B8F72A7454380090720F /* exampleServiceDisruptions.json */; };
		79A4B8FA2A7456840090720F /* exampleServiceDisruption.json in Resources */ = {isa = PBXBuildFile; fileRef = 79A4B8F92A7456840090720F /* exampleServiceDisruption.json */; };
		79A9CCD529E1F2C600D6240D /* Network.swift in Sources */ = {isa = PBXBuildFile; fileRef = 79A9CCD429E1F2C600D6240D /* Network.swift */; };
		79B13BED2A9C4C0600EF9C1D /* Localizable.strings in Resources */ = {isa = PBXBuildFile; fileRef = 79B13BEF2A9C4C0600EF9C1D /* Localizable.strings */; };
		79B5AA932A9AA0E70058EE6C /* tripStationData.json in Resources */ = {isa = PBXBuildFile; fileRef = 79B5AA922A9AA0E70058EE6C /* tripStationData.json */; };
		79B5AA992A9AA5CD0058EE6C /* stationData.json in Resources */ = {isa = PBXBuildFile; fileRef = 79B5AA982A9AA5CD0058EE6C /* stationData.json */; };
		79B622C42A916D4A0075F14D /* copy.json in Resources */ = {isa = PBXBuildFile; fileRef = 79B622C32A916D4A0075F14D /* copy.json */; };
		79BCE8AD29D6343A00042F1F /* StationModel.swift in Sources */ = {isa = PBXBuildFile; fileRef = 79BCE8AC29D6343A00042F1F /* StationModel.swift */; };
		79BCE8B129D6386900042F1F /* ModelData.swift in Sources */ = {isa = PBXBuildFile; fileRef = 79BCE8B029D6386900042F1F /* ModelData.swift */; };
		79BCE8B429D6531B00042F1F /* extentions.swift in Sources */ = {isa = PBXBuildFile; fileRef = 79BCE8B329D6531B00042F1F /* extentions.swift */; };
		79BD01842B5C84DE004FBF32 /* LeadingText.swift in Sources */ = {isa = PBXBuildFile; fileRef = 79BD01832B5C84DD004FBF32 /* LeadingText.swift */; };
		79BD01862B5C8C71004FBF32 /* BusView.swift in Sources */ = {isa = PBXBuildFile; fileRef = 79BD01852B5C8C71004FBF32 /* BusView.swift */; };
		79BE780F2A840B5100552142 /* tripAndStationData.json in Resources */ = {isa = PBXBuildFile; fileRef = 79BE780E2A840B5100552142 /* tripAndStationData.json */; };
		79BF4B832B84EDF700BE5D80 /* MapHelper.swift in Sources */ = {isa = PBXBuildFile; fileRef = 79BF4B822B84EDF700BE5D80 /* MapHelper.swift */; };
		79D044492B70767D007886B0 /* Sheet.swift in Sources */ = {isa = PBXBuildFile; fileRef = 79D044482B70767D007886B0 /* Sheet.swift */; };
		79D044542B70A822007886B0 /* bus_stops_array.json in Resources */ = {isa = PBXBuildFile; fileRef = 79D044532B70A822007886B0 /* bus_stops_array.json */; };
		79D5A8472A336782002CFE3B /* DisruptionBox.swift in Sources */ = {isa = PBXBuildFile; fileRef = 79D5A8462A336782002CFE3B /* DisruptionBox.swift */; };
		79D61CD12B51B62B007ADBF5 /* BusRow.swift in Sources */ = {isa = PBXBuildFile; fileRef = 79D61CD02B51B62B007ADBF5 /* BusRow.swift */; };
		79D61CD72B51C067007ADBF5 /* BusStopView.swift in Sources */ = {isa = PBXBuildFile; fileRef = 79D61CD62B51C067007ADBF5 /* BusStopView.swift */; };
		79D61CD92B5309E4007ADBF5 /* bus_type.json in Resources */ = {isa = PBXBuildFile; fileRef = 79D61CD82B5309E3007ADBF5 /* bus_type.json */; };
		79D61CDD2B530C40007ADBF5 /* BusSearchRow.swift in Sources */ = {isa = PBXBuildFile; fileRef = 79D61CDC2B530C40007ADBF5 /* BusSearchRow.swift */; };
		79D61CE52B532132007ADBF5 /* busStopTimes.json in Resources */ = {isa = PBXBuildFile; fileRef = 79D61CE42B532132007ADBF5 /* busStopTimes.json */; };
		79D61CE72B53217E007ADBF5 /* stopTime.json in Resources */ = {isa = PBXBuildFile; fileRef = 79D61CE62B53217E007ADBF5 /* stopTime.json */; };
		79D61CE92B532217007ADBF5 /* busStopTime.json in Resources */ = {isa = PBXBuildFile; fileRef = 79D61CE82B532217007ADBF5 /* busStopTime.json */; };
		79DBCE9A2B7A703100FF4ED1 /* Color.swift in Sources */ = {isa = PBXBuildFile; fileRef = 79DBCE992B7A703100FF4ED1 /* Color.swift */; };
		79DCFD5F2B69910F00977609 /* Reachability in Frameworks */ = {isa = PBXBuildFile; productRef = 79DCFD5E2B69910F00977609 /* Reachability */; };
		79DCFD612B6998D100977609 /* ActivityIndicator.swift in Sources */ = {isa = PBXBuildFile; fileRef = 79DCFD602B6998D100977609 /* ActivityIndicator.swift */; };
		79DF5E772A119981000E4132 /* TripsModel.swift in Sources */ = {isa = PBXBuildFile; fileRef = 79DF5E762A119981000E4132 /* TripsModel.swift */; };
		79DF5E792A119BFF000E4132 /* stopTimes.json in Resources */ = {isa = PBXBuildFile; fileRef = 79DF5E782A119BFF000E4132 /* stopTimes.json */; };
		79DFBC702A358EA200A5F0DE /* ContentView.swift in Sources */ = {isa = PBXBuildFile; fileRef = 79DFBC6F2A358EA200A5F0DE /* ContentView.swift */; };
		79DFBC722A364D4300A5F0DE /* BottomSheet.swift in Sources */ = {isa = PBXBuildFile; fileRef = 79DFBC712A364D4300A5F0DE /* BottomSheet.swift */; };
		79DFBC752A364D8000A5F0DE /* BottomSheet in Frameworks */ = {isa = PBXBuildFile; productRef = 79DFBC742A364D8000A5F0DE /* BottomSheet */; };
		79F78C922A774C140037A013 /* serviceAlertsView.swift in Sources */ = {isa = PBXBuildFile; fileRef = 79F78C912A774C140037A013 /* serviceAlertsView.swift */; };
		79F7E78229DA58C6000006C4 /* WrappingHStack in Frameworks */ = {isa = PBXBuildFile; productRef = 79F7E78129DA58C6000006C4 /* WrappingHStack */; };
		79F7E78429DA7D59000006C4 /* StationRow.swift in Sources */ = {isa = PBXBuildFile; fileRef = 79F7E78329DA7D59000006C4 /* StationRow.swift */; };
/* End PBXBuildFile section */

/* Begin PBXCopyFilesBuildPhase section */
		7975C48029DDA51E00A4AA1E /* Embed Foundation Extensions */ = {
			isa = PBXCopyFilesBuildPhase;
			buildActionMask = 12;
			dstPath = "";
			dstSubfolderSpec = 13;
			files = (
			);
			name = "Embed Foundation Extensions";
			runOnlyForDeploymentPostprocessing = 0;
		};
/* End PBXCopyFilesBuildPhase section */

/* Begin PBXFileReference section */
		79012DBB2A89660800F0DEEA /* Mail.swift */ = {isa = PBXFileReference; lastKnownFileType = sourcecode.swift; path = Mail.swift; sourceTree = "<group>"; };
		79018DAE2B70393F0065980E /* bus_stops.json */ = {isa = PBXFileReference; fileEncoding = 4; lastKnownFileType = text.json; path = bus_stops.json; sourceTree = "<group>"; };
		790D58D12B6F2DF500743CCE /* BusTripView.swift */ = {isa = PBXFileReference; lastKnownFileType = sourcecode.swift; path = BusTripView.swift; sourceTree = "<group>"; };
		791754B929D88185007B8F6A /* StationTimeRow.swift */ = {isa = PBXFileReference; lastKnownFileType = sourcecode.swift; path = StationTimeRow.swift; sourceTree = "<group>"; };
		791754BB29D89738007B8F6A /* TimeModel.swift */ = {isa = PBXFileReference; lastKnownFileType = sourcecode.swift; path = TimeModel.swift; sourceTree = "<group>"; };
		791F5B842A3F5C1000ACCC8D /* SubwayMapView.swift */ = {isa = PBXFileReference; lastKnownFileType = sourcecode.swift; path = SubwayMapView.swift; sourceTree = "<group>"; };
		79228CE62A33ED6700526CE5 /* TrainDot.swift */ = {isa = PBXFileReference; lastKnownFileType = sourcecode.swift; path = TrainDot.swift; sourceTree = "<group>"; };
		7937251B2B59889100527518 /* sortedBusStop.swift */ = {isa = PBXFileReference; lastKnownFileType = sourcecode.swift; path = sortedBusStop.swift; sourceTree = "<group>"; };
		7937251D2B59915B00527518 /* sortedBusStop_times.swift */ = {isa = PBXFileReference; lastKnownFileType = sourcecode.swift; path = sortedBusStop_times.swift; sourceTree = "<group>"; };
		793C23A42A7F60B700396636 /* MapViewNew.swift */ = {isa = PBXFileReference; lastKnownFileType = sourcecode.swift; path = MapViewNew.swift; sourceTree = "<group>"; };
		793EACC229944973002D7332 /* Service Bandage.app */ = {isa = PBXFileReference; explicitFileType = wrapper.application; includeInIndex = 0; path = "Service Bandage.app"; sourceTree = BUILT_PRODUCTS_DIR; };
		793EACC529944973002D7332 /* Service_BandageApp.swift */ = {isa = PBXFileReference; lastKnownFileType = sourcecode.swift; path = Service_BandageApp.swift; sourceTree = "<group>"; };
		793EACC929944973002D7332 /* Assets.xcassets */ = {isa = PBXFileReference; lastKnownFileType = folder.assetcatalog; path = Assets.xcassets; sourceTree = "<group>"; };
		793EACCB29944973002D7332 /* real_stats.entitlements */ = {isa = PBXFileReference; lastKnownFileType = text.plist.entitlements; path = real_stats.entitlements; sourceTree = "<group>"; };
		793EACCD29944973002D7332 /* Preview Assets.xcassets */ = {isa = PBXFileReference; lastKnownFileType = folder.assetcatalog; path = "Preview Assets.xcassets"; sourceTree = "<group>"; };
		794D719D29DF3A10002A7C28 /* WidgetKit.framework */ = {isa = PBXFileReference; lastKnownFileType = wrapper.framework; name = WidgetKit.framework; path = System/Library/Frameworks/WidgetKit.framework; sourceTree = SDKROOT; };
		794D71A129DF3A10002A7C28 /* WidgetsBundle.swift */ = {isa = PBXFileReference; lastKnownFileType = sourcecode.swift; path = WidgetsBundle.swift; sourceTree = "<group>"; };
		794D71A329DF3A10002A7C28 /* WidgetsLiveActivity.swift */ = {isa = PBXFileReference; lastKnownFileType = sourcecode.swift; path = WidgetsLiveActivity.swift; sourceTree = "<group>"; };
		794D71A529DF3A10002A7C28 /* Widgets.swift */ = {isa = PBXFileReference; lastKnownFileType = sourcecode.swift; path = Widgets.swift; sourceTree = "<group>"; };
		794D71A729DF3A10002A7C28 /* Widgets.intentdefinition */ = {isa = PBXFileReference; lastKnownFileType = file.intentdefinition; path = Widgets.intentdefinition; sourceTree = "<group>"; };
		794D71A829DF3A11002A7C28 /* Assets.xcassets */ = {isa = PBXFileReference; lastKnownFileType = folder.assetcatalog; path = Assets.xcassets; sourceTree = "<group>"; };
		794D71AA29DF3A11002A7C28 /* Info.plist */ = {isa = PBXFileReference; lastKnownFileType = text.plist.xml; path = Info.plist; sourceTree = "<group>"; };
		795419A429BED7BB003FF58F /* Preferences.swift */ = {isa = PBXFileReference; lastKnownFileType = sourcecode.swift; path = Preferences.swift; sourceTree = "<group>"; };
		795419A629BED7CF003FF58F /* StationView.swift */ = {isa = PBXFileReference; lastKnownFileType = sourcecode.swift; path = StationView.swift; sourceTree = "<group>"; };
		795419AA29BED7E8003FF58F /* MapView.swift */ = {isa = PBXFileReference; lastKnownFileType = sourcecode.swift; path = MapView.swift; sourceTree = "<group>"; };
		795419B329BED842003FF58F /* StationBox.swift */ = {isa = PBXFileReference; lastKnownFileType = sourcecode.swift; path = StationBox.swift; sourceTree = "<group>"; };
		79670B392A23F94A00AEA0FF /* 608.json */ = {isa = PBXFileReference; fileEncoding = 4; lastKnownFileType = text.json; path = 608.json; sourceTree = "<group>"; };
		79711F2129C9055E002EBA6F /* Home.swift */ = {isa = PBXFileReference; lastKnownFileType = sourcecode.swift; path = Home.swift; sourceTree = "<group>"; };
		7973944B29D766F700D0DDDD /* ButtonStyles.swift */ = {isa = PBXFileReference; lastKnownFileType = sourcecode.swift; path = ButtonStyles.swift; sourceTree = "<group>"; };
		7975C45C29DB3ACE00A4AA1E /* Favorites.xcdatamodel */ = {isa = PBXFileReference; lastKnownFileType = wrapper.xcdatamodel; path = Favorites.xcdatamodel; sourceTree = "<group>"; };
		7975C45E29DB3B3100A4AA1E /* CoreDataManager.swift */ = {isa = PBXFileReference; lastKnownFileType = sourcecode.swift; path = CoreDataManager.swift; sourceTree = "<group>"; };
		7975C46029DC758C00A4AA1E /* Location.swift */ = {isa = PBXFileReference; lastKnownFileType = sourcecode.swift; path = Location.swift; sourceTree = "<group>"; };
		7975C46229DD13C500A4AA1E /* Info.plist */ = {isa = PBXFileReference; lastKnownFileType = text.plist; path = Info.plist; sourceTree = "<group>"; };
		7975C46B29DDA51C00A4AA1E /* SwiftUI.framework */ = {isa = PBXFileReference; lastKnownFileType = wrapper.framework; name = SwiftUI.framework; path = System/Library/Frameworks/SwiftUI.framework; sourceTree = SDKROOT; };
		7975C48129DDA93200A4AA1E /* WidgetTester.swift */ = {isa = PBXFileReference; lastKnownFileType = sourcecode.swift; path = WidgetTester.swift; sourceTree = "<group>"; };
		797D2A4529DF2FA60002A79F /* CoreServices.framework */ = {isa = PBXFileReference; lastKnownFileType = wrapper.framework; name = CoreServices.framework; path = Platforms/iPhoneOS.platform/Developer/SDKs/iPhoneOS16.2.sdk/System/Library/Frameworks/CoreServices.framework; sourceTree = DEVELOPER_DIR; };
		798DA8682A8932290000CF86 /* SplashScreen.swift */ = {isa = PBXFileReference; lastKnownFileType = sourcecode.swift; path = SplashScreen.swift; sourceTree = "<group>"; };
		79996BD42A20D2A6000E338A /* TripView.swift */ = {isa = PBXFileReference; lastKnownFileType = sourcecode.swift; path = TripView.swift; sourceTree = "<group>"; };
		79996BD82A20EF43000E338A /* TripStationDataModel.swift */ = {isa = PBXFileReference; lastKnownFileType = sourcecode.swift; path = TripStationDataModel.swift; sourceTree = "<group>"; };
		79996BDA2A21142F000E338A /* TripStationView.swift */ = {isa = PBXFileReference; lastKnownFileType = sourcecode.swift; path = TripStationView.swift; sourceTree = "<group>"; };
		799F72732B6F5BAD00F59883 /* BusTrip_Stop.swift */ = {isa = PBXFileReference; lastKnownFileType = sourcecode.swift; path = BusTrip_Stop.swift; sourceTree = "<group>"; };
		799F72752B6F5D6900F59883 /* defaultBusTrip.json */ = {isa = PBXFileReference; fileEncoding = 4; lastKnownFileType = text.json; path = defaultBusTrip.json; sourceTree = "<group>"; };
		799F72772B6F65A200F59883 /* BusDot.swift */ = {isa = PBXFileReference; lastKnownFileType = sourcecode.swift; path = BusDot.swift; sourceTree = "<group>"; };
		79A2D7F92A9BCC2200DAFFE1 /* WhatsNew.swift */ = {isa = PBXFileReference; lastKnownFileType = sourcecode.swift; path = WhatsNew.swift; sourceTree = "<group>"; };
		79A2D7FE2A9BDBE000DAFFE1 /* Update.swift */ = {isa = PBXFileReference; lastKnownFileType = sourcecode.swift; path = Update.swift; sourceTree = "<group>"; };
		79A4B8F32A7439940090720F /* apikey.swift */ = {isa = PBXFileReference; lastKnownFileType = sourcecode.swift; path = apikey.swift; sourceTree = "<group>"; };
		79A4B8F52A7447AD0090720F /* 601.json */ = {isa = PBXFileReference; fileEncoding = 4; lastKnownFileType = text.json; path = 601.json; sourceTree = "<group>"; };
		79A4B8F72A7454380090720F /* exampleServiceDisruptions.json */ = {isa = PBXFileReference; fileEncoding = 4; lastKnownFileType = text.json; path = exampleServiceDisruptions.json; sourceTree = "<group>"; };
		79A4B8F92A7456840090720F /* exampleServiceDisruption.json */ = {isa = PBXFileReference; fileEncoding = 4; lastKnownFileType = text.json; path = exampleServiceDisruption.json; sourceTree = "<group>"; };
		79A9CCD429E1F2C600D6240D /* Network.swift */ = {isa = PBXFileReference; lastKnownFileType = sourcecode.swift; path = Network.swift; sourceTree = "<group>"; };
		79B13BEE2A9C4C0600EF9C1D /* en */ = {isa = PBXFileReference; lastKnownFileType = text.plist.strings; name = en; path = en.lproj/Localizable.strings; sourceTree = "<group>"; };
		79B13BF12A9C4D4500EF9C1D /* zh-Hans */ = {isa = PBXFileReference; lastKnownFileType = text.plist.strings; name = "zh-Hans"; path = "zh-Hans.lproj/Localizable.strings"; sourceTree = "<group>"; };
		79B13BF22A9C60E800EF9C1D /* fr */ = {isa = PBXFileReference; lastKnownFileType = text.plist.strings; name = fr; path = fr.lproj/Localizable.strings; sourceTree = "<group>"; };
		79B5AA922A9AA0E70058EE6C /* tripStationData.json */ = {isa = PBXFileReference; fileEncoding = 4; lastKnownFileType = text.json; path = tripStationData.json; sourceTree = "<group>"; };
		79B5AA982A9AA5CD0058EE6C /* stationData.json */ = {isa = PBXFileReference; fileEncoding = 4; lastKnownFileType = text.json; path = stationData.json; sourceTree = "<group>"; };
		79B622C32A916D4A0075F14D /* copy.json */ = {isa = PBXFileReference; fileEncoding = 4; lastKnownFileType = text.json; path = copy.json; sourceTree = "<group>"; };
		79BCE8AC29D6343A00042F1F /* StationModel.swift */ = {isa = PBXFileReference; lastKnownFileType = sourcecode.swift; path = StationModel.swift; sourceTree = "<group>"; };
		79BCE8B029D6386900042F1F /* ModelData.swift */ = {isa = PBXFileReference; lastKnownFileType = sourcecode.swift; path = ModelData.swift; sourceTree = "<group>"; };
		79BCE8B329D6531B00042F1F /* extentions.swift */ = {isa = PBXFileReference; lastKnownFileType = sourcecode.swift; path = extentions.swift; sourceTree = "<group>"; };
		79BD01832B5C84DD004FBF32 /* LeadingText.swift */ = {isa = PBXFileReference; lastKnownFileType = sourcecode.swift; path = LeadingText.swift; sourceTree = "<group>"; };
		79BD01852B5C8C71004FBF32 /* BusView.swift */ = {isa = PBXFileReference; lastKnownFileType = sourcecode.swift; path = BusView.swift; sourceTree = "<group>"; };
		79BE780E2A840B5100552142 /* tripAndStationData.json */ = {isa = PBXFileReference; fileEncoding = 4; lastKnownFileType = text.json; path = tripAndStationData.json; sourceTree = "<group>"; };
		79BF4B822B84EDF700BE5D80 /* MapHelper.swift */ = {isa = PBXFileReference; lastKnownFileType = sourcecode.swift; path = MapHelper.swift; sourceTree = "<group>"; };
		79D044482B70767D007886B0 /* Sheet.swift */ = {isa = PBXFileReference; lastKnownFileType = sourcecode.swift; path = Sheet.swift; sourceTree = "<group>"; };
		79D0444A2B70855F007886B0 /* zh-Hant */ = {isa = PBXFileReference; lastKnownFileType = text.plist.strings; name = "zh-Hant"; path = "zh-Hant.lproj/Localizable.strings"; sourceTree = "<group>"; };
		79D0444B2B708569007886B0 /* de */ = {isa = PBXFileReference; lastKnownFileType = text.plist.strings; name = de; path = de.lproj/Localizable.strings; sourceTree = "<group>"; };
		79D0444C2B70856F007886B0 /* es */ = {isa = PBXFileReference; lastKnownFileType = text.plist.strings; name = es; path = es.lproj/Localizable.strings; sourceTree = "<group>"; };
		79D0444D2B708578007886B0 /* uk */ = {isa = PBXFileReference; lastKnownFileType = text.plist.strings; name = uk; path = uk.lproj/Localizable.strings; sourceTree = "<group>"; };
		79D0444E2B70857E007886B0 /* ru */ = {isa = PBXFileReference; lastKnownFileType = text.plist.strings; name = ru; path = ru.lproj/Localizable.strings; sourceTree = "<group>"; };
		79D0444F2B70858F007886B0 /* ja */ = {isa = PBXFileReference; lastKnownFileType = text.plist.strings; name = ja; path = ja.lproj/Localizable.strings; sourceTree = "<group>"; };
		79D044502B7085B6007886B0 /* ko */ = {isa = PBXFileReference; lastKnownFileType = text.plist.strings; name = ko; path = ko.lproj/Localizable.strings; sourceTree = "<group>"; };
		79D044512B7085BA007886B0 /* hi */ = {isa = PBXFileReference; lastKnownFileType = text.plist.strings; name = hi; path = hi.lproj/Localizable.strings; sourceTree = "<group>"; };
		79D044522B7085BF007886B0 /* ar */ = {isa = PBXFileReference; lastKnownFileType = text.plist.strings; name = ar; path = ar.lproj/Localizable.strings; sourceTree = "<group>"; };
		79D044532B70A822007886B0 /* bus_stops_array.json */ = {isa = PBXFileReference; fileEncoding = 4; lastKnownFileType = text.json; path = bus_stops_array.json; sourceTree = "<group>"; };
		79D5A8462A336782002CFE3B /* DisruptionBox.swift */ = {isa = PBXFileReference; lastKnownFileType = sourcecode.swift; path = DisruptionBox.swift; sourceTree = "<group>"; };
		79D61CD02B51B62B007ADBF5 /* BusRow.swift */ = {isa = PBXFileReference; lastKnownFileType = sourcecode.swift; path = BusRow.swift; sourceTree = "<group>"; };
		79D61CD62B51C067007ADBF5 /* BusStopView.swift */ = {isa = PBXFileReference; lastKnownFileType = sourcecode.swift; path = BusStopView.swift; sourceTree = "<group>"; };
		79D61CD82B5309E3007ADBF5 /* bus_type.json */ = {isa = PBXFileReference; fileEncoding = 4; lastKnownFileType = text.json; path = bus_type.json; sourceTree = "<group>"; };
		79D61CDC2B530C40007ADBF5 /* BusSearchRow.swift */ = {isa = PBXFileReference; lastKnownFileType = sourcecode.swift; path = BusSearchRow.swift; sourceTree = "<group>"; };
		79D61CE42B532132007ADBF5 /* busStopTimes.json */ = {isa = PBXFileReference; fileEncoding = 4; lastKnownFileType = text.json; path = busStopTimes.json; sourceTree = "<group>"; };
		79D61CE62B53217E007ADBF5 /* stopTime.json */ = {isa = PBXFileReference; fileEncoding = 4; lastKnownFileType = text.json; path = stopTime.json; sourceTree = "<group>"; };
		79D61CE82B532217007ADBF5 /* busStopTime.json */ = {isa = PBXFileReference; fileEncoding = 4; lastKnownFileType = text.json; path = busStopTime.json; sourceTree = "<group>"; };
		79DBCE992B7A703100FF4ED1 /* Color.swift */ = {isa = PBXFileReference; lastKnownFileType = sourcecode.swift; path = Color.swift; sourceTree = "<group>"; };
		79DCFD602B6998D100977609 /* ActivityIndicator.swift */ = {isa = PBXFileReference; lastKnownFileType = sourcecode.swift; path = ActivityIndicator.swift; sourceTree = "<group>"; };
		79DF5E762A119981000E4132 /* TripsModel.swift */ = {isa = PBXFileReference; lastKnownFileType = sourcecode.swift; path = TripsModel.swift; sourceTree = "<group>"; };
		79DF5E782A119BFF000E4132 /* stopTimes.json */ = {isa = PBXFileReference; fileEncoding = 4; lastKnownFileType = text.json; path = stopTimes.json; sourceTree = "<group>"; };
		79DFBC6F2A358EA200A5F0DE /* ContentView.swift */ = {isa = PBXFileReference; lastKnownFileType = sourcecode.swift; path = ContentView.swift; sourceTree = "<group>"; };
		79DFBC712A364D4300A5F0DE /* BottomSheet.swift */ = {isa = PBXFileReference; lastKnownFileType = sourcecode.swift; path = BottomSheet.swift; sourceTree = "<group>"; };
		79F78C912A774C140037A013 /* serviceAlertsView.swift */ = {isa = PBXFileReference; lastKnownFileType = sourcecode.swift; path = serviceAlertsView.swift; sourceTree = "<group>"; };
		79F7E78329DA7D59000006C4 /* StationRow.swift */ = {isa = PBXFileReference; lastKnownFileType = sourcecode.swift; path = StationRow.swift; sourceTree = "<group>"; };
/* End PBXFileReference section */

/* Begin PBXFrameworksBuildPhase section */
		793EACBF29944973002D7332 /* Frameworks */ = {
			isa = PBXFrameworksBuildPhase;
			buildActionMask = 2147483647;
			files = (
				799E76072B884927005DE96C /* SVGView in Frameworks */,
				791F5B882A3F5C3300ACCC8D /* ScrollableImage in Frameworks */,
				793C23A82A7F713B00396636 /* Map in Frameworks */,
				79DCFD5F2B69910F00977609 /* Reachability in Frameworks */,
				79DFBC752A364D8000A5F0DE /* BottomSheet in Frameworks */,
				79F7E78229DA58C6000006C4 /* WrappingHStack in Frameworks */,
			);
			runOnlyForDeploymentPostprocessing = 0;
		};
/* End PBXFrameworksBuildPhase section */

/* Begin PBXGroup section */
		79018DA62B702BDB0065980E /* bus */ = {
			isa = PBXGroup;
			children = (
				79018DAE2B70393F0065980E /* bus_stops.json */,
				79D61CD82B5309E3007ADBF5 /* bus_type.json */,
				79D044532B70A822007886B0 /* bus_stops_array.json */,
				799F72752B6F5D6900F59883 /* defaultBusTrip.json */,
				79D61CE42B532132007ADBF5 /* busStopTimes.json */,
				79D61CE82B532217007ADBF5 /* busStopTime.json */,
			);
			path = bus;
			sourceTree = "<group>";
		};
		79018DA72B702BF90065980E /* subway */ = {
			isa = PBXGroup;
			children = (
				79018DAB2B702C710065980E /* default */,
				79018DAA2B702C0F0065980E /* station */,
				79018DA92B702C090065980E /* trip */,
			);
			path = subway;
			sourceTree = "<group>";
		};
		79018DA82B702C020065980E /* other */ = {
			isa = PBXGroup;
			children = (
				79B622C32A916D4A0075F14D /* copy.json */,
			);
			path = other;
			sourceTree = "<group>";
		};
		79018DA92B702C090065980E /* trip */ = {
			isa = PBXGroup;
			children = (
				79B5AA922A9AA0E70058EE6C /* tripStationData.json */,
				79B5AA982A9AA5CD0058EE6C /* stationData.json */,
			);
			path = trip;
			sourceTree = "<group>";
		};
		79018DAA2B702C0F0065980E /* station */ = {
			isa = PBXGroup;
			children = (
			);
			path = station;
			sourceTree = "<group>";
		};
		79018DAB2B702C710065980E /* default */ = {
			isa = PBXGroup;
			children = (
				79D61CE62B53217E007ADBF5 /* stopTime.json */,
				79DF5E782A119BFF000E4132 /* stopTimes.json */,
				79670B392A23F94A00AEA0FF /* 608.json */,
				79A4B8F52A7447AD0090720F /* 601.json */,
				79BE780E2A840B5100552142 /* tripAndStationData.json */,
				79A4B8F72A7454380090720F /* exampleServiceDisruptions.json */,
				79A4B8F92A7456840090720F /* exampleServiceDisruption.json */,
			);
			path = default;
			sourceTree = "<group>";
		};
		791754B829D8815D007B8F6A /* station */ = {
			isa = PBXGroup;
			children = (
				795419B329BED842003FF58F /* StationBox.swift */,
				79F7E78329DA7D59000006C4 /* StationRow.swift */,
				795419A629BED7CF003FF58F /* StationView.swift */,
				791754B929D88185007B8F6A /* StationTimeRow.swift */,
			);
			path = station;
			sourceTree = "<group>";
		};
		791754C329D89908007B8F6A /* Times */ = {
			isa = PBXGroup;
			children = (
				791754BB29D89738007B8F6A /* TimeModel.swift */,
			);
			path = Times;
			sourceTree = "<group>";
		};
		791F5B892A3F8D8300ACCC8D /* map */ = {
			isa = PBXGroup;
			children = (
				795419AA29BED7E8003FF58F /* MapView.swift */,
				793C23A42A7F60B700396636 /* MapViewNew.swift */,
				791F5B842A3F5C1000ACCC8D /* SubwayMapView.swift */,
				79BF4B822B84EDF700BE5D80 /* MapHelper.swift */,
			);
			path = map;
			sourceTree = "<group>";
		};
		79228CE82A3523DF00526CE5 /* main views */ = {
			isa = PBXGroup;
			children = (
				79711F2129C9055E002EBA6F /* Home.swift */,
				79D61CCF2B51B5D1007ADBF5 /* bus */,
				79A2D7FD2A9BDBD600DAFFE1 /* sheets */,
				79F78C902A774B730037A013 /* serviceAlerts */,
				791F5B892A3F8D8300ACCC8D /* map */,
				79DFBC6F2A358EA200A5F0DE /* ContentView.swift */,
				798DA8682A8932290000CF86 /* SplashScreen.swift */,
				79DFBC712A364D4300A5F0DE /* BottomSheet.swift */,
				795419A429BED7BB003FF58F /* Preferences.swift */,
				79228CE92A35244000526CE5 /* trip */,
				791754B829D8815D007B8F6A /* station */,
			);
			path = "main views";
			sourceTree = "<group>";
		};
		79228CE92A35244000526CE5 /* trip */ = {
			isa = PBXGroup;
			children = (
				79996BD42A20D2A6000E338A /* TripView.swift */,
				79228CE62A33ED6700526CE5 /* TrainDot.swift */,
				79996BDA2A21142F000E338A /* TripStationView.swift */,
			);
			path = trip;
			sourceTree = "<group>";
		};
		793EACB929944973002D7332 = {
			isa = PBXGroup;
			children = (
				793EACC429944973002D7332 /* real-stats */,
				794D71A029DF3A10002A7C28 /* Widgets */,
				7975C46829DDA51C00A4AA1E /* Frameworks */,
				793EACC329944973002D7332 /* Products */,
			);
			sourceTree = "<group>";
		};
		793EACC329944973002D7332 /* Products */ = {
			isa = PBXGroup;
			children = (
				793EACC229944973002D7332 /* Service Bandage.app */,
			);
			name = Products;
			sourceTree = "<group>";
		};
		793EACC429944973002D7332 /* real-stats */ = {
			isa = PBXGroup;
			children = (
				7975C46229DD13C500A4AA1E /* Info.plist */,
				795419A029BEC8AB003FF58F /* data */,
				795419A129BEC8CD003FF58F /* views */,
				793EACC529944973002D7332 /* Service_BandageApp.swift */,
				793EACC929944973002D7332 /* Assets.xcassets */,
				793EACCB29944973002D7332 /* real_stats.entitlements */,
				793EACCC29944973002D7332 /* Preview Content */,
				79B13BEF2A9C4C0600EF9C1D /* Localizable.strings */,
			);
			path = "real-stats";
			sourceTree = "<group>";
		};
		793EACCC29944973002D7332 /* Preview Content */ = {
			isa = PBXGroup;
			children = (
				793EACCD29944973002D7332 /* Preview Assets.xcassets */,
			);
			path = "Preview Content";
			sourceTree = "<group>";
		};
		794D71A029DF3A10002A7C28 /* Widgets */ = {
			isa = PBXGroup;
			children = (
				794D71A129DF3A10002A7C28 /* WidgetsBundle.swift */,
				794D71A329DF3A10002A7C28 /* WidgetsLiveActivity.swift */,
				794D71A529DF3A10002A7C28 /* Widgets.swift */,
				794D71A729DF3A10002A7C28 /* Widgets.intentdefinition */,
				794D71A829DF3A11002A7C28 /* Assets.xcassets */,
				794D71AA29DF3A11002A7C28 /* Info.plist */,
			);
			path = Widgets;
			sourceTree = "<group>";
		};
		795419A029BEC8AB003FF58F /* data */ = {
			isa = PBXGroup;
			children = (
				79ACA9D62A37883D00B4EB9E /* json */,
				7975C45A29DB3AAF00A4AA1E /* coredata */,
				791754C329D89908007B8F6A /* Times */,
				79DF5E762A119981000E4132 /* TripsModel.swift */,
				79BCE8AC29D6343A00042F1F /* StationModel.swift */,
				79996BD82A20EF43000E338A /* TripStationDataModel.swift */,
				79BCE8B029D6386900042F1F /* ModelData.swift */,
				79A4B8F32A7439940090720F /* apikey.swift */,
			);
			path = data;
			sourceTree = "<group>";
		};
		795419A129BEC8CD003FF58F /* views */ = {
			isa = PBXGroup;
			children = (
				79BCE8B229D6531300042F1F /* extentions */,
				79228CE82A3523DF00526CE5 /* main views */,
				7975C48129DDA93200A4AA1E /* WidgetTester.swift */,
			);
			path = views;
			sourceTree = "<group>";
		};
		7975C45A29DB3AAF00A4AA1E /* coredata */ = {
			isa = PBXGroup;
			children = (
				7975C45B29DB3ACE00A4AA1E /* FavoritesModel.xcdatamodeld */,
				7975C45E29DB3B3100A4AA1E /* CoreDataManager.swift */,
			);
			path = coredata;
			sourceTree = "<group>";
		};
		7975C46829DDA51C00A4AA1E /* Frameworks */ = {
			isa = PBXGroup;
			children = (
				797D2A4529DF2FA60002A79F /* CoreServices.framework */,
				7975C46B29DDA51C00A4AA1E /* SwiftUI.framework */,
				794D719D29DF3A10002A7C28 /* WidgetKit.framework */,
			);
			name = Frameworks;
			sourceTree = "<group>";
		};
		799F72722B6F5AFF00F59883 /* trip */ = {
			isa = PBXGroup;
			children = (
				790D58D12B6F2DF500743CCE /* BusTripView.swift */,
				799F72772B6F65A200F59883 /* BusDot.swift */,
				799F72732B6F5BAD00F59883 /* BusTrip_Stop.swift */,
			);
			path = trip;
			sourceTree = "<group>";
		};
		79A2D7FD2A9BDBD600DAFFE1 /* sheets */ = {
			isa = PBXGroup;
			children = (
				79A2D7F92A9BCC2200DAFFE1 /* WhatsNew.swift */,
				79A2D7FE2A9BDBE000DAFFE1 /* Update.swift */,
			);
			path = sheets;
			sourceTree = "<group>";
		};
		79ACA9D62A37883D00B4EB9E /* json */ = {
			isa = PBXGroup;
			children = (
				79018DA82B702C020065980E /* other */,
				79018DA72B702BF90065980E /* subway */,
				79018DA62B702BDB0065980E /* bus */,
			);
			path = json;
			sourceTree = "<group>";
		};
		79BCE8B229D6531300042F1F /* extentions */ = {
			isa = PBXGroup;
			children = (
				79A9CCD429E1F2C600D6240D /* Network.swift */,
				79DBCE992B7A703100FF4ED1 /* Color.swift */,
				79BCE8B329D6531B00042F1F /* extentions.swift */,
				7973944B29D766F700D0DDDD /* ButtonStyles.swift */,
				7975C46029DC758C00A4AA1E /* Location.swift */,
				79012DBB2A89660800F0DEEA /* Mail.swift */,
				79BD01832B5C84DD004FBF32 /* LeadingText.swift */,
				79DCFD602B6998D100977609 /* ActivityIndicator.swift */,
				79D044482B70767D007886B0 /* Sheet.swift */,
			);
			path = extentions;
			sourceTree = "<group>";
		};
		79D61CCF2B51B5D1007ADBF5 /* bus */ = {
			isa = PBXGroup;
			children = (
				799F72722B6F5AFF00F59883 /* trip */,
				79D61CD02B51B62B007ADBF5 /* BusRow.swift */,
				79D61CD62B51C067007ADBF5 /* BusStopView.swift */,
				79D61CDC2B530C40007ADBF5 /* BusSearchRow.swift */,
				7937251B2B59889100527518 /* sortedBusStop.swift */,
				7937251D2B59915B00527518 /* sortedBusStop_times.swift */,
				79BD01852B5C8C71004FBF32 /* BusView.swift */,
			);
			path = bus;
			sourceTree = "<group>";
		};
		79F78C902A774B730037A013 /* serviceAlerts */ = {
			isa = PBXGroup;
			children = (
				79F78C912A774C140037A013 /* serviceAlertsView.swift */,
				79D5A8462A336782002CFE3B /* DisruptionBox.swift */,
			);
			path = serviceAlerts;
			sourceTree = "<group>";
		};
/* End PBXGroup section */

/* Begin PBXNativeTarget section */
		793EACC129944973002D7332 /* Service Bandage */ = {
			isa = PBXNativeTarget;
			buildConfigurationList = 793EACD129944973002D7332 /* Build configuration list for PBXNativeTarget "Service Bandage" */;
			buildPhases = (
				793EACBE29944973002D7332 /* Sources */,
				793EACBF29944973002D7332 /* Frameworks */,
				793EACC029944973002D7332 /* Resources */,
				7975C48029DDA51E00A4AA1E /* Embed Foundation Extensions */,
			);
			buildRules = (
			);
			dependencies = (
			);
			name = "Service Bandage";
			packageProductDependencies = (
				79F7E78129DA58C6000006C4 /* WrappingHStack */,
				79DFBC742A364D8000A5F0DE /* BottomSheet */,
				791F5B872A3F5C3300ACCC8D /* ScrollableImage */,
				793C23A72A7F713B00396636 /* Map */,
				79DCFD5E2B69910F00977609 /* Reachability */,
				799E76062B884927005DE96C /* SVGView */,
			);
			productName = "real-stats";
			productReference = 793EACC229944973002D7332 /* Service Bandage.app */;
			productType = "com.apple.product-type.application";
		};
/* End PBXNativeTarget section */

/* Begin PBXProject section */
		793EACBA29944973002D7332 /* Project object */ = {
			isa = PBXProject;
			attributes = {
				BuildIndependentTargetsInParallel = 1;
				LastSwiftUpdateCheck = 1420;
				LastUpgradeCheck = 1500;
				TargetAttributes = {
					793EACC129944973002D7332 = {
						CreatedOnToolsVersion = 14.2;
					};
				};
			};
			buildConfigurationList = 793EACBD29944973002D7332 /* Build configuration list for PBXProject "Service Bandage" */;
			compatibilityVersion = "Xcode 14.0";
			developmentRegion = en;
			hasScannedForEncodings = 0;
			knownRegions = (
				en,
				Base,
				"zh-Hans",
				fr,
				"zh-Hant",
				de,
				es,
				uk,
				ru,
				ja,
				ko,
				hi,
				ar,
			);
			mainGroup = 793EACB929944973002D7332;
			packageReferences = (
				79F7E78029DA58C6000006C4 /* XCRemoteSwiftPackageReference "WrappingHStack" */,
				79DFBC732A364D8000A5F0DE /* XCRemoteSwiftPackageReference "BottomSheet" */,
				791F5B862A3F5C3300ACCC8D /* XCRemoteSwiftPackageReference "ScrollableImage" */,
				793C23A62A7F713B00396636 /* XCRemoteSwiftPackageReference "Map" */,
				79DCFD5D2B69910F00977609 /* XCRemoteSwiftPackageReference "Reachability" */,
				799E76052B884927005DE96C /* XCRemoteSwiftPackageReference "SVGView" */,
			);
			productRefGroup = 793EACC329944973002D7332 /* Products */;
			projectDirPath = "";
			projectRoot = "";
			targets = (
				793EACC129944973002D7332 /* Service Bandage */,
			);
		};
/* End PBXProject section */

/* Begin PBXResourcesBuildPhase section */
		793EACC029944973002D7332 /* Resources */ = {
			isa = PBXResourcesBuildPhase;
			buildActionMask = 2147483647;
			files = (
				79B5AA932A9AA0E70058EE6C /* tripStationData.json in Resources */,
				79D61CE92B532217007ADBF5 /* busStopTime.json in Resources */,
				79D61CD92B5309E4007ADBF5 /* bus_type.json in Resources */,
				79B622C42A916D4A0075F14D /* copy.json in Resources */,
				79BE780F2A840B5100552142 /* tripAndStationData.json in Resources */,
				79D044542B70A822007886B0 /* bus_stops_array.json in Resources */,
				79A4B8FA2A7456840090720F /* exampleServiceDisruption.json in Resources */,
				799F72762B6F5D6900F59883 /* defaultBusTrip.json in Resources */,
				79B5AA992A9AA5CD0058EE6C /* stationData.json in Resources */,
				793EACCE29944973002D7332 /* Preview Assets.xcassets in Resources */,
				79DF5E792A119BFF000E4132 /* stopTimes.json in Resources */,
				79670B3A2A23F94A00AEA0FF /* 608.json in Resources */,
				79A4B8F62A7447AD0090720F /* 601.json in Resources */,
				79018DAF2B70393F0065980E /* bus_stops.json in Resources */,
				79D61CE52B532132007ADBF5 /* busStopTimes.json in Resources */,
				79B13BED2A9C4C0600EF9C1D /* Localizable.strings in Resources */,
				793EACCA29944973002D7332 /* Assets.xcassets in Resources */,
				79D61CE72B53217E007ADBF5 /* stopTime.json in Resources */,
				79A4B8F82A7454390090720F /* exampleServiceDisruptions.json in Resources */,
			);
			runOnlyForDeploymentPostprocessing = 0;
		};
/* End PBXResourcesBuildPhase section */

/* Begin PBXSourcesBuildPhase section */
		793EACBE29944973002D7332 /* Sources */ = {
			isa = PBXSourcesBuildPhase;
			buildActionMask = 2147483647;
			files = (
				79012DBC2A89660800F0DEEA /* Mail.swift in Sources */,
				7975C48229DDA93200A4AA1E /* WidgetTester.swift in Sources */,
				79A2D7FF2A9BDBE000DAFFE1 /* Update.swift in Sources */,
				795419B429BED842003FF58F /* StationBox.swift in Sources */,
				79DFBC722A364D4300A5F0DE /* BottomSheet.swift in Sources */,
				79DBCE9A2B7A703100FF4ED1 /* Color.swift in Sources */,
				795419AB29BED7E8003FF58F /* MapView.swift in Sources */,
				79BCE8B129D6386900042F1F /* ModelData.swift in Sources */,
				7937251C2B59889100527518 /* sortedBusStop.swift in Sources */,
				793C23A52A7F60B700396636 /* MapViewNew.swift in Sources */,
				79711F2229C9055E002EBA6F /* Home.swift in Sources */,
				791754BC29D89738007B8F6A /* TimeModel.swift in Sources */,
				79996BD92A20EF43000E338A /* TripStationDataModel.swift in Sources */,
				79A9CCD529E1F2C600D6240D /* Network.swift in Sources */,
				795419A529BED7BB003FF58F /* Preferences.swift in Sources */,
				79996BDB2A21142F000E338A /* TripStationView.swift in Sources */,
				79228CE72A33ED6700526CE5 /* TrainDot.swift in Sources */,
				79DF5E772A119981000E4132 /* TripsModel.swift in Sources */,
				79F78C922A774C140037A013 /* serviceAlertsView.swift in Sources */,
				79BCE8B429D6531B00042F1F /* extentions.swift in Sources */,
				79A4B8F42A7439950090720F /* apikey.swift in Sources */,
				79DCFD612B6998D100977609 /* ActivityIndicator.swift in Sources */,
				79DFBC702A358EA200A5F0DE /* ContentView.swift in Sources */,
				79BD01862B5C8C71004FBF32 /* BusView.swift in Sources */,
				7975C46129DC758C00A4AA1E /* Location.swift in Sources */,
				7975C45F29DB3B3100A4AA1E /* CoreDataManager.swift in Sources */,
				793EACC629944973002D7332 /* Service_BandageApp.swift in Sources */,
				79BF4B832B84EDF700BE5D80 /* MapHelper.swift in Sources */,
				79D61CD72B51C067007ADBF5 /* BusStopView.swift in Sources */,
				791F5B852A3F5C1000ACCC8D /* SubwayMapView.swift in Sources */,
				79D044492B70767D007886B0 /* Sheet.swift in Sources */,
				794D71AC29DF3A11002A7C28 /* Widgets.intentdefinition in Sources */,
				79A2D7FA2A9BCC2200DAFFE1 /* WhatsNew.swift in Sources */,
				799F72742B6F5BAD00F59883 /* BusTrip_Stop.swift in Sources */,
				79BCE8AD29D6343A00042F1F /* StationModel.swift in Sources */,
				798DA8692A8932290000CF86 /* SplashScreen.swift in Sources */,
				790D58D22B6F2DF500743CCE /* BusTripView.swift in Sources */,
				79D61CDD2B530C40007ADBF5 /* BusSearchRow.swift in Sources */,
				7973944C29D766F700D0DDDD /* ButtonStyles.swift in Sources */,
				799F72782B6F65A200F59883 /* BusDot.swift in Sources */,
				79D61CD12B51B62B007ADBF5 /* BusRow.swift in Sources */,
				79F7E78429DA7D59000006C4 /* StationRow.swift in Sources */,
				7937251E2B59915B00527518 /* sortedBusStop_times.swift in Sources */,
				791754BA29D88185007B8F6A /* StationTimeRow.swift in Sources */,
				7975C45D29DB3ACE00A4AA1E /* FavoritesModel.xcdatamodeld in Sources */,
				795419A729BED7CF003FF58F /* StationView.swift in Sources */,
				79996BD52A20D2A6000E338A /* TripView.swift in Sources */,
				79D5A8472A336782002CFE3B /* DisruptionBox.swift in Sources */,
				79BD01842B5C84DE004FBF32 /* LeadingText.swift in Sources */,
			);
			runOnlyForDeploymentPostprocessing = 0;
		};
/* End PBXSourcesBuildPhase section */

/* Begin PBXVariantGroup section */
		79B13BEF2A9C4C0600EF9C1D /* Localizable.strings */ = {
			isa = PBXVariantGroup;
			children = (
				79B13BEE2A9C4C0600EF9C1D /* en */,
				79B13BF12A9C4D4500EF9C1D /* zh-Hans */,
				79B13BF22A9C60E800EF9C1D /* fr */,
				79D0444A2B70855F007886B0 /* zh-Hant */,
				79D0444B2B708569007886B0 /* de */,
				79D0444C2B70856F007886B0 /* es */,
				79D0444D2B708578007886B0 /* uk */,
				79D0444E2B70857E007886B0 /* ru */,
				79D0444F2B70858F007886B0 /* ja */,
				79D044502B7085B6007886B0 /* ko */,
				79D044512B7085BA007886B0 /* hi */,
				79D044522B7085BF007886B0 /* ar */,
			);
			name = Localizable.strings;
			sourceTree = "<group>";
		};
/* End PBXVariantGroup section */

/* Begin XCBuildConfiguration section */
		793EACCF29944973002D7332 /* Debug */ = {
			isa = XCBuildConfiguration;
			buildSettings = {
				ALWAYS_SEARCH_USER_PATHS = NO;
				CLANG_ANALYZER_LOCALIZABILITY_NONLOCALIZED = YES;
				CLANG_ANALYZER_NONNULL = YES;
				CLANG_ANALYZER_NUMBER_OBJECT_CONVERSION = YES_AGGRESSIVE;
				CLANG_CXX_LANGUAGE_STANDARD = "gnu++20";
				CLANG_ENABLE_MODULES = YES;
				CLANG_ENABLE_OBJC_ARC = YES;
				CLANG_ENABLE_OBJC_WEAK = YES;
				CLANG_WARN_BLOCK_CAPTURE_AUTORELEASING = YES;
				CLANG_WARN_BOOL_CONVERSION = YES;
				CLANG_WARN_COMMA = YES;
				CLANG_WARN_CONSTANT_CONVERSION = YES;
				CLANG_WARN_DEPRECATED_OBJC_IMPLEMENTATIONS = YES;
				CLANG_WARN_DIRECT_OBJC_ISA_USAGE = YES_ERROR;
				CLANG_WARN_DOCUMENTATION_COMMENTS = YES;
				CLANG_WARN_EMPTY_BODY = YES;
				CLANG_WARN_ENUM_CONVERSION = YES;
				CLANG_WARN_INFINITE_RECURSION = YES;
				CLANG_WARN_INT_CONVERSION = YES;
				CLANG_WARN_NON_LITERAL_NULL_CONVERSION = YES;
				CLANG_WARN_OBJC_IMPLICIT_RETAIN_SELF = YES;
				CLANG_WARN_OBJC_LITERAL_CONVERSION = YES;
				CLANG_WARN_OBJC_ROOT_CLASS = YES_ERROR;
				CLANG_WARN_QUOTED_INCLUDE_IN_FRAMEWORK_HEADER = YES;
				CLANG_WARN_RANGE_LOOP_ANALYSIS = YES;
				CLANG_WARN_STRICT_PROTOTYPES = YES;
				CLANG_WARN_SUSPICIOUS_MOVE = YES;
				CLANG_WARN_UNGUARDED_AVAILABILITY = YES_AGGRESSIVE;
				CLANG_WARN_UNREACHABLE_CODE = YES;
				CLANG_WARN__DUPLICATE_METHOD_MATCH = YES;
				COPY_PHASE_STRIP = NO;
				DEAD_CODE_STRIPPING = YES;
				DEBUG_INFORMATION_FORMAT = dwarf;
				ENABLE_STRICT_OBJC_MSGSEND = YES;
				ENABLE_TESTABILITY = YES;
				ENABLE_USER_SCRIPT_SANDBOXING = YES;
				GCC_C_LANGUAGE_STANDARD = gnu11;
				GCC_DYNAMIC_NO_PIC = NO;
				GCC_NO_COMMON_BLOCKS = YES;
				GCC_OPTIMIZATION_LEVEL = 0;
				GCC_PREPROCESSOR_DEFINITIONS = (
					"DEBUG=1",
					"$(inherited)",
				);
				GCC_WARN_64_TO_32_BIT_CONVERSION = YES;
				GCC_WARN_ABOUT_RETURN_TYPE = YES_ERROR;
				GCC_WARN_UNDECLARED_SELECTOR = YES;
				GCC_WARN_UNINITIALIZED_AUTOS = YES_AGGRESSIVE;
				GCC_WARN_UNUSED_FUNCTION = YES;
				GCC_WARN_UNUSED_VARIABLE = YES;
				IPHONEOS_DEPLOYMENT_TARGET = 15.0;
				MTL_ENABLE_DEBUG_INFO = INCLUDE_SOURCE;
				MTL_FAST_MATH = YES;
				ONLY_ACTIVE_ARCH = YES;
				SWIFT_ACTIVE_COMPILATION_CONDITIONS = DEBUG;
				SWIFT_OPTIMIZATION_LEVEL = "-Onone";
			};
			name = Debug;
		};
		793EACD029944973002D7332 /* Release */ = {
			isa = XCBuildConfiguration;
			buildSettings = {
				ALWAYS_SEARCH_USER_PATHS = NO;
				CLANG_ANALYZER_LOCALIZABILITY_NONLOCALIZED = YES;
				CLANG_ANALYZER_NONNULL = YES;
				CLANG_ANALYZER_NUMBER_OBJECT_CONVERSION = YES_AGGRESSIVE;
				CLANG_CXX_LANGUAGE_STANDARD = "gnu++20";
				CLANG_ENABLE_MODULES = YES;
				CLANG_ENABLE_OBJC_ARC = YES;
				CLANG_ENABLE_OBJC_WEAK = YES;
				CLANG_WARN_BLOCK_CAPTURE_AUTORELEASING = YES;
				CLANG_WARN_BOOL_CONVERSION = YES;
				CLANG_WARN_COMMA = YES;
				CLANG_WARN_CONSTANT_CONVERSION = YES;
				CLANG_WARN_DEPRECATED_OBJC_IMPLEMENTATIONS = YES;
				CLANG_WARN_DIRECT_OBJC_ISA_USAGE = YES_ERROR;
				CLANG_WARN_DOCUMENTATION_COMMENTS = YES;
				CLANG_WARN_EMPTY_BODY = YES;
				CLANG_WARN_ENUM_CONVERSION = YES;
				CLANG_WARN_INFINITE_RECURSION = YES;
				CLANG_WARN_INT_CONVERSION = YES;
				CLANG_WARN_NON_LITERAL_NULL_CONVERSION = YES;
				CLANG_WARN_OBJC_IMPLICIT_RETAIN_SELF = YES;
				CLANG_WARN_OBJC_LITERAL_CONVERSION = YES;
				CLANG_WARN_OBJC_ROOT_CLASS = YES_ERROR;
				CLANG_WARN_QUOTED_INCLUDE_IN_FRAMEWORK_HEADER = YES;
				CLANG_WARN_RANGE_LOOP_ANALYSIS = YES;
				CLANG_WARN_STRICT_PROTOTYPES = YES;
				CLANG_WARN_SUSPICIOUS_MOVE = YES;
				CLANG_WARN_UNGUARDED_AVAILABILITY = YES_AGGRESSIVE;
				CLANG_WARN_UNREACHABLE_CODE = YES;
				CLANG_WARN__DUPLICATE_METHOD_MATCH = YES;
				COPY_PHASE_STRIP = NO;
				DEAD_CODE_STRIPPING = YES;
				DEBUG_INFORMATION_FORMAT = "dwarf-with-dsym";
				ENABLE_NS_ASSERTIONS = NO;
				ENABLE_STRICT_OBJC_MSGSEND = YES;
				ENABLE_USER_SCRIPT_SANDBOXING = YES;
				GCC_C_LANGUAGE_STANDARD = gnu11;
				GCC_NO_COMMON_BLOCKS = YES;
				GCC_WARN_64_TO_32_BIT_CONVERSION = YES;
				GCC_WARN_ABOUT_RETURN_TYPE = YES_ERROR;
				GCC_WARN_UNDECLARED_SELECTOR = YES;
				GCC_WARN_UNINITIALIZED_AUTOS = YES_AGGRESSIVE;
				GCC_WARN_UNUSED_FUNCTION = YES;
				GCC_WARN_UNUSED_VARIABLE = YES;
				IPHONEOS_DEPLOYMENT_TARGET = 15.0;
				MTL_ENABLE_DEBUG_INFO = NO;
				MTL_FAST_MATH = YES;
				SWIFT_COMPILATION_MODE = wholemodule;
				SWIFT_OPTIMIZATION_LEVEL = "-O";
			};
			name = Release;
		};
		793EACD229944973002D7332 /* Debug */ = {
			isa = XCBuildConfiguration;
			buildSettings = {
				ALWAYS_EMBED_SWIFT_STANDARD_LIBRARIES = YES;
				ASSETCATALOG_COMPILER_APPICON_NAME = AppIcon;
				ASSETCATALOG_COMPILER_GLOBAL_ACCENT_COLOR_NAME = AccentColor;
				CODE_SIGN_ENTITLEMENTS = "real-stats/real_stats.entitlements";
				CODE_SIGN_IDENTITY = "Apple Development";
				CODE_SIGN_STYLE = Automatic;
				CURRENT_PROJECT_VERSION = 2;
				DEAD_CODE_STRIPPING = YES;
				DEVELOPMENT_ASSET_PATHS = "\"real-stats/Preview Content\"";
				DEVELOPMENT_TEAM = UC94976V75;
				ENABLE_HARDENED_RUNTIME = YES;
				ENABLE_PREVIEWS = YES;
				GENERATE_INFOPLIST_FILE = YES;
				INFOPLIST_FILE = "real-stats/Info.plist";
				INFOPLIST_KEY_CFBundleDisplayName = "Transit Bandage";
				INFOPLIST_KEY_LSApplicationCategoryType = "public.app-category.navigation";
				INFOPLIST_KEY_NSLocationWhenInUseUsageDescription = "Real Stats will use location to look for nearby stations. Real Stats does not collect any user data.";
				"INFOPLIST_KEY_UIApplicationSceneManifest_Generation[sdk=iphoneos*]" = YES;
				"INFOPLIST_KEY_UIApplicationSceneManifest_Generation[sdk=iphonesimulator*]" = YES;
				"INFOPLIST_KEY_UIApplicationSupportsIndirectInputEvents[sdk=iphoneos*]" = YES;
				"INFOPLIST_KEY_UIApplicationSupportsIndirectInputEvents[sdk=iphonesimulator*]" = YES;
				"INFOPLIST_KEY_UILaunchScreen_Generation[sdk=iphoneos*]" = YES;
				"INFOPLIST_KEY_UILaunchScreen_Generation[sdk=iphonesimulator*]" = YES;
				"INFOPLIST_KEY_UIStatusBarStyle[sdk=iphoneos*]" = UIStatusBarStyleDefault;
				"INFOPLIST_KEY_UIStatusBarStyle[sdk=iphonesimulator*]" = UIStatusBarStyleDefault;
				INFOPLIST_KEY_UISupportedInterfaceOrientations = UIInterfaceOrientationPortrait;
				INFOPLIST_KEY_UISupportedInterfaceOrientations_iPad = "UIInterfaceOrientationLandscapeLeft UIInterfaceOrientationLandscapeRight UIInterfaceOrientationPortrait UIInterfaceOrientationPortraitUpsideDown";
				IPHONEOS_DEPLOYMENT_TARGET = 15.0;
				LD_RUNPATH_SEARCH_PATHS = "@executable_path/Frameworks";
				"LD_RUNPATH_SEARCH_PATHS[sdk=macosx*]" = "@executable_path/../Frameworks";
				MACOSX_DEPLOYMENT_TARGET = 12.5;
				MARKETING_VERSION = 2.0;
				PRODUCT_BUNDLE_IDENTIFIER = "Lisa-Booker.real-stats";
				PRODUCT_NAME = "$(TARGET_NAME)";
				PROVISIONING_PROFILE_SPECIFIER = "";
				SDKROOT = auto;
				SUPPORTED_PLATFORMS = "iphoneos iphonesimulator";
				SUPPORTS_MACCATALYST = NO;
				SUPPORTS_MAC_DESIGNED_FOR_IPHONE_IPAD = NO;
				SWIFT_EMIT_LOC_STRINGS = YES;
				SWIFT_VERSION = 5.0;
				TARGETED_DEVICE_FAMILY = 1;
			};
			name = Debug;
		};
		793EACD329944973002D7332 /* Release */ = {
			isa = XCBuildConfiguration;
			buildSettings = {
				ALWAYS_EMBED_SWIFT_STANDARD_LIBRARIES = YES;
				ASSETCATALOG_COMPILER_APPICON_NAME = AppIcon;
				ASSETCATALOG_COMPILER_GLOBAL_ACCENT_COLOR_NAME = AccentColor;
				CODE_SIGN_ENTITLEMENTS = "real-stats/real_stats.entitlements";
				CODE_SIGN_IDENTITY = "Apple Development";
				CODE_SIGN_STYLE = Automatic;
				CURRENT_PROJECT_VERSION = 2;
				DEAD_CODE_STRIPPING = YES;
				DEVELOPMENT_ASSET_PATHS = "\"real-stats/Preview Content\"";
				DEVELOPMENT_TEAM = UC94976V75;
				ENABLE_HARDENED_RUNTIME = YES;
				ENABLE_PREVIEWS = YES;
				GENERATE_INFOPLIST_FILE = YES;
				INFOPLIST_FILE = "real-stats/Info.plist";
				INFOPLIST_KEY_CFBundleDisplayName = "Transit Bandage";
				INFOPLIST_KEY_LSApplicationCategoryType = "public.app-category.navigation";
				INFOPLIST_KEY_NSLocationWhenInUseUsageDescription = "Real Stats will use location to look for nearby stations. Real Stats does not collect any user data.";
				"INFOPLIST_KEY_UIApplicationSceneManifest_Generation[sdk=iphoneos*]" = YES;
				"INFOPLIST_KEY_UIApplicationSceneManifest_Generation[sdk=iphonesimulator*]" = YES;
				"INFOPLIST_KEY_UIApplicationSupportsIndirectInputEvents[sdk=iphoneos*]" = YES;
				"INFOPLIST_KEY_UIApplicationSupportsIndirectInputEvents[sdk=iphonesimulator*]" = YES;
				"INFOPLIST_KEY_UILaunchScreen_Generation[sdk=iphoneos*]" = YES;
				"INFOPLIST_KEY_UILaunchScreen_Generation[sdk=iphonesimulator*]" = YES;
				"INFOPLIST_KEY_UIStatusBarStyle[sdk=iphoneos*]" = UIStatusBarStyleDefault;
				"INFOPLIST_KEY_UIStatusBarStyle[sdk=iphonesimulator*]" = UIStatusBarStyleDefault;
				INFOPLIST_KEY_UISupportedInterfaceOrientations = UIInterfaceOrientationPortrait;
				INFOPLIST_KEY_UISupportedInterfaceOrientations_iPad = "UIInterfaceOrientationLandscapeLeft UIInterfaceOrientationLandscapeRight UIInterfaceOrientationPortrait UIInterfaceOrientationPortraitUpsideDown";
				IPHONEOS_DEPLOYMENT_TARGET = 15.0;
				LD_RUNPATH_SEARCH_PATHS = "@executable_path/Frameworks";
				"LD_RUNPATH_SEARCH_PATHS[sdk=macosx*]" = "@executable_path/../Frameworks";
				MACOSX_DEPLOYMENT_TARGET = 12.5;
				MARKETING_VERSION = 2.0;
				PRODUCT_BUNDLE_IDENTIFIER = "Lisa-Booker.real-stats";
				PRODUCT_NAME = "$(TARGET_NAME)";
				PROVISIONING_PROFILE_SPECIFIER = "";
				SDKROOT = auto;
				SUPPORTED_PLATFORMS = "iphoneos iphonesimulator";
				SUPPORTS_MACCATALYST = NO;
				SUPPORTS_MAC_DESIGNED_FOR_IPHONE_IPAD = NO;
				SWIFT_EMIT_LOC_STRINGS = YES;
				SWIFT_VERSION = 5.0;
				TARGETED_DEVICE_FAMILY = 1;
			};
			name = Release;
		};
/* End XCBuildConfiguration section */

/* Begin XCConfigurationList section */
		793EACBD29944973002D7332 /* Build configuration list for PBXProject "Service Bandage" */ = {
			isa = XCConfigurationList;
			buildConfigurations = (
				793EACCF29944973002D7332 /* Debug */,
				793EACD029944973002D7332 /* Release */,
			);
			defaultConfigurationIsVisible = 0;
			defaultConfigurationName = Release;
		};
		793EACD129944973002D7332 /* Build configuration list for PBXNativeTarget "Service Bandage" */ = {
			isa = XCConfigurationList;
			buildConfigurations = (
				793EACD229944973002D7332 /* Debug */,
				793EACD329944973002D7332 /* Release */,
			);
			defaultConfigurationIsVisible = 0;
			defaultConfigurationName = Release;
		};
/* End XCConfigurationList section */

/* Begin XCRemoteSwiftPackageReference section */
		791F5B862A3F5C3300ACCC8D /* XCRemoteSwiftPackageReference "ScrollableImage" */ = {
			isa = XCRemoteSwiftPackageReference;
			repositoryURL = "https://github.com/gtokman/ScrollableImage";
			requirement = {
				branch = main;
				kind = branch;
			};
		};
		793C23A62A7F713B00396636 /* XCRemoteSwiftPackageReference "Map" */ = {
			isa = XCRemoteSwiftPackageReference;
			repositoryURL = "https://github.com/iakov-kaiumov/Map";
			requirement = {
				branch = main;
				kind = branch;
			};
		};
		799E76052B884927005DE96C /* XCRemoteSwiftPackageReference "SVGView" */ = {
			isa = XCRemoteSwiftPackageReference;
			repositoryURL = "https://github.com/exyte/SVGView.git";
			requirement = {
				kind = upToNextMajorVersion;
				minimumVersion = 1.0.0;
			};
		};
		79DCFD5D2B69910F00977609 /* XCRemoteSwiftPackageReference "Reachability" */ = {
			isa = XCRemoteSwiftPackageReference;
			repositoryURL = "https://github.com/ashleymills/Reachability.swift";
			requirement = {
				branch = master;
				kind = branch;
			};
		};
		79DFBC732A364D8000A5F0DE /* XCRemoteSwiftPackageReference "BottomSheet" */ = {
			isa = XCRemoteSwiftPackageReference;
			repositoryURL = "https://github.com/lucaszischka/BottomSheet";
			requirement = {
				kind = upToNextMajorVersion;
				minimumVersion = 3.0.0;
			};
		};
		79F7E78029DA58C6000006C4 /* XCRemoteSwiftPackageReference "WrappingHStack" */ = {
			isa = XCRemoteSwiftPackageReference;
			repositoryURL = "https://github.com/dkk/WrappingHStack";
			requirement = {
				kind = upToNextMajorVersion;
				minimumVersion = 2.0.0;
			};
		};
/* End XCRemoteSwiftPackageReference section */

/* Begin XCSwiftPackageProductDependency section */
		791F5B872A3F5C3300ACCC8D /* ScrollableImage */ = {
			isa = XCSwiftPackageProductDependency;
			package = 791F5B862A3F5C3300ACCC8D /* XCRemoteSwiftPackageReference "ScrollableImage" */;
			productName = ScrollableImage;
		};
		793C23A72A7F713B00396636 /* Map */ = {
			isa = XCSwiftPackageProductDependency;
			package = 793C23A62A7F713B00396636 /* XCRemoteSwiftPackageReference "Map" */;
			productName = Map;
		};
		799E76062B884927005DE96C /* SVGView */ = {
			isa = XCSwiftPackageProductDependency;
			package = 799E76052B884927005DE96C /* XCRemoteSwiftPackageReference "SVGView" */;
			productName = SVGView;
		};
		79DCFD5E2B69910F00977609 /* Reachability */ = {
			isa = XCSwiftPackageProductDependency;
			package = 79DCFD5D2B69910F00977609 /* XCRemoteSwiftPackageReference "Reachability" */;
			productName = Reachability;
		};
		79DFBC742A364D8000A5F0DE /* BottomSheet */ = {
			isa = XCSwiftPackageProductDependency;
			package = 79DFBC732A364D8000A5F0DE /* XCRemoteSwiftPackageReference "BottomSheet" */;
			productName = BottomSheet;
		};
		79F7E78129DA58C6000006C4 /* WrappingHStack */ = {
			isa = XCSwiftPackageProductDependency;
			package = 79F7E78029DA58C6000006C4 /* XCRemoteSwiftPackageReference "WrappingHStack" */;
			productName = WrappingHStack;
		};
/* End XCSwiftPackageProductDependency section */

/* Begin XCVersionGroup section */
		7975C45B29DB3ACE00A4AA1E /* FavoritesModel.xcdatamodeld */ = {
			isa = XCVersionGroup;
			children = (
				7975C45C29DB3ACE00A4AA1E /* Favorites.xcdatamodel */,
			);
			currentVersion = 7975C45C29DB3ACE00A4AA1E /* Favorites.xcdatamodel */;
			path = FavoritesModel.xcdatamodeld;
			sourceTree = "<group>";
			versionGroupType = wrapper.xcdatamodel;
		};
/* End XCVersionGroup section */
	};
	rootObject = 793EACBA29944973002D7332 /* Project object */;
}
