{
  "pins" : [
    {
      "identity" : "bottomsheet",
      "kind" : "remoteSourceControl",
      "location" : "https://github.com/lucaszischka/BottomSheet",
      "state" : {
        "revision" : "4c9ef84552712e0117c37d4893270fdc28fb9288",
        "version" : "3.1.0"
      }
    },
    {
      "identity" : "map",
      "kind" : "remoteSourceControl",
      "location" : "https://github.com/iakov-kaiumov/Map",
      "state" : {
        "branch" : "main",
        "revision" : "9d8306ad39fe0184a64cdd0e77e4aebc30091f45"
      }
    },
    {
      "identity" : "reachability.swift",
      "kind" : "remoteSourceControl",
      "location" : "https://github.com/ashleymills/Reachability.swift",
      "state" : {
        "branch" : "master",
        "revision" : "c01127cb51f591045696128effe43c16840d08bf"
      }
    },
    {
      "identity" : "scrollableimage",
      "kind" : "remoteSourceControl",
      "location" : "https://github.com/gtokman/ScrollableImage",
      "state" : {
        "branch" : "main",
        "revision" : "3097bdaa48d1cc50f9e3d91e4a412d356085941c"
      }
    },
    {
      "identity" : "svgview",
      "kind" : "remoteSourceControl",
      "location" : "https://github.com/exyte/SVGView.git",
      "state" : {
        "revision" : "6465962facdd25cb96eaebc35603afa2f15d2c0d",
        "version" : "1.0.6"
      }
    },
    {
      "identity" : "wrappinghstack",
      "kind" : "remoteSourceControl",
      "location" : "https://github.com/dkk/WrappingHStack",
      "state" : {
        "revision" : "44987fbb01112e6ec72098dc6481187dd53ad4d2",
        "version" : "2.2.9"
      }
    }
  ],
  "version" : 2
}
